{
    "_meta": {
        "hash": {
            "sha256": "ea37a743cadde3cd01405f73a0247801b667489b3839abbad92b3f3b9a18edc2"
        },
        "requires": {},
        "sources": [
            {
                "url": "https://pypi.python.org/simple",
                "verify_ssl": true
            }
        ]
    },
    "default": {
        "pyyaml": {
            "version": "==3.12"
        },
        "toml": {
            "version": "==0.9.2"
        }
    },
    "develop": {
        "argh": {
            "version": "==0.26.2"
        },
        "colorama": {
            "version": "==0.3.9"
        },
        "docopt": {
            "version": "==0.6.2"
        },
        "mypy": {
            "version": "==0.511"
        },
        "pathtools": {
            "version": "==0.1.2"
        },
        "py": {
            "version": "==1.4.34"
        },
        "pytest": {
            "version": "==3.1.2"
        },
        "pytest-watch": {
            "version": "==4.1.0"
        },
        "pyyaml": {
            "version": "==3.12"
        },
        "setuptools": {
            "version": "==36.0.1"
        },
        "typed-ast": {
            "version": "==1.0.4"
        },
        "watchdog": {
            "version": "==0.8.3"
        }
    }
}
